schema: '2.0'
stages:
  download:
    cmd: stages/01_download.sh
    deps:
    - path: stages/01_download.sh
      hash: md5
      md5: 091ab7cdf2256c86cbfe6d35dce202b1
      size: 1289
    outs:
    - path: download
      hash: md5
      md5: 2dfa774d9f4c3095d9b550b57cf919a8.dir
      size: 175820933862
      nfiles: 10
    - path: list/downloaded_files.txt
      hash: md5
      md5: fb017ca2a0543e756a79c80559476231
      size: 336
  unzip:
    cmd: stages/02_unzip.sh
    deps:
    - path: download
      hash: md5
      md5: 2dfa774d9f4c3095d9b550b57cf919a8.dir
      size: 175820933862
      nfiles: 10
    - path: list/downloaded_files.txt
      hash: md5
      md5: fb017ca2a0543e756a79c80559476231
      size: 336
    - path: stages/02_unzip.sh
      hash: md5
      md5: 03f2756a27eb2aed3f756ecef16dc745
      size: 690
    outs:
    - path: list/raw_files.txt
      hash: md5
      md5: c9a170ada0589d164159cf7263cb6612
      size: 306
    - path: raw
      hash: md5
      md5: 04ea407c5cd11bb89322c3727c02774c.dir
      size: 1472772436786
      nfiles: 10
