schema: '2.0'
stages:
  download:
    cmd: stages/01_download.sh
    deps:
    - path: stages/01_download.sh
      hash: md5
      md5: 091ab7cdf2256c86cbfe6d35dce202b1
      size: 1289
    outs:
    - path: download
      hash: md5
      md5: 2dfa774d9f4c3095d9b550b57cf919a8.dir
      size: 175820933862
      nfiles: 10
    - path: list/downloaded_files.txt
      hash: md5
      md5: fb017ca2a0543e756a79c80559476231
      size: 336
  unzip:
    cmd: stages/02_unzip.sh
    deps:
    - path: download
      hash: md5
      md5: 2dfa774d9f4c3095d9b550b57cf919a8.dir
      size: 175820933862
      nfiles: 10
    - path: list/downloaded_files.txt
      hash: md5
      md5: fb017ca2a0543e756a79c80559476231
      size: 336
    - path: stages/02_unzip.sh
      hash: md5
      md5: 8fdc0ecd8d4230ec9742b0fd29476c82
      size: 832
    outs:
    - path: list/raw_files.txt
      hash: md5
      md5: c9a170ada0589d164159cf7263cb6612
      size: 306
    - path: raw
      hash: md5
      md5: 3b771af4c39fb11c57fa6bbabaa5c266.dir
      size: 1472772436796
      nfiles: 10
